
Microsoft Visual Studio Solution File, Format Version 12.00
# Visual Studio Version 17
VisualStudioVersion = 17.7.34024.191
MinimumVisualStudioVersion = 10.0.40219.1
Project("{FAE04EC0-301F-11D3-BF4B-00C04F79EFBC}") = "net-ef-videogame", "net-ef-videogame.csproj", "{2A840E62-C25E-44D9-B113-0C9C0FCA3236}"
EndProject
Global
	GlobalSection(SolutionConfigurationPlatforms) = preSolution
		Debug|Any CPU = Debug|Any CPU
		Release|Any CPU = Release|Any CPU
	EndGlobalSection
	GlobalSection(ProjectConfigurationPlatforms) = postSolution
		{2A840E62-C25E-44D9-B113-0C9C0FCA3236}.Debug|Any CPU.ActiveCfg = Debug|Any CPU
		{2A840E62-C25E-44D9-B113-0C9C0FCA3236}.Debug|Any CPU.Build.0 = Debug|Any CPU
		{2A840E62-C25E-44D9-B113-0C9C0FCA3236}.Release|Any CPU.ActiveCfg = Release|Any CPU
		{2A840E62-C25E-44D9-B113-0C9C0FCA3236}.Release|Any CPU.Build.0 = Release|Any CPU
	EndGlobalSection
	GlobalSection(SolutionProperties) = preSolution
		HideSolutionNode = FALSE
	EndGlobalSection
	GlobalSection(ExtensibilityGlobals) = postSolution
		SolutionGuid = {987CE0F5-9550-49B3-9366-BA2450FF9D9F}
	EndGlobalSection
EndGlobal
